
Microsoft Visual Studio Solution File, Format Version 12.00
# Visual Studio Version 17
VisualStudioVersion = 17.3.32825.248
MinimumVisualStudioVersion = 10.0.40219.1
Project("{FAE04EC0-301F-11D3-BF4B-00C04F79EFBC}") = "Two", "Two.csproj", "{2BBD746A-56F1-4E1D-8498-B4A9BC80F554}"
EndProject
Global
	GlobalSection(SolutionConfigurationPlatforms) = preSolution
		Debug|Any CPU = Debug|Any CPU
		Release|Any CPU = Release|Any CPU
	EndGlobalSection
	GlobalSection(ProjectConfigurationPlatforms) = postSolution
		{2BBD746A-56F1-4E1D-8498-B4A9BC80F554}.Debug|Any CPU.ActiveCfg = Debug|Any CPU
		{2BBD746A-56F1-4E1D-8498-B4A9BC80F554}.Debug|Any CPU.Build.0 = Debug|Any CPU
		{2BBD746A-56F1-4E1D-8498-B4A9BC80F554}.Release|Any CPU.ActiveCfg = Release|Any CPU
		{2BBD746A-56F1-4E1D-8498-B4A9BC80F554}.Release|Any CPU.Build.0 = Release|Any CPU
	EndGlobalSection
	GlobalSection(SolutionProperties) = preSolution
		HideSolutionNode = FALSE
	EndGlobalSection
	GlobalSection(ExtensibilityGlobals) = postSolution
		SolutionGuid = {E421F80B-2735-457C-8DF7-E6280029576C}
	EndGlobalSection
EndGlobal
