
Microsoft Visual Studio Solution File, Format Version 12.00
# Visual Studio Version 17
VisualStudioVersion = 17.3.32825.248
MinimumVisualStudioVersion = 10.0.40219.1
Project("{FAE04EC0-301F-11D3-BF4B-00C04F79EFBC}") = "First", "First.csproj", "{33413AE7-8B4B-458F-A5B1-B181FFD0D9C1}"
EndProject
Global
	GlobalSection(SolutionConfigurationPlatforms) = preSolution
		Debug|Any CPU = Debug|Any CPU
		Release|Any CPU = Release|Any CPU
	EndGlobalSection
	GlobalSection(ProjectConfigurationPlatforms) = postSolution
		{33413AE7-8B4B-458F-A5B1-B181FFD0D9C1}.Debug|Any CPU.ActiveCfg = Debug|Any CPU
		{33413AE7-8B4B-458F-A5B1-B181FFD0D9C1}.Debug|Any CPU.Build.0 = Debug|Any CPU
		{33413AE7-8B4B-458F-A5B1-B181FFD0D9C1}.Release|Any CPU.ActiveCfg = Release|Any CPU
		{33413AE7-8B4B-458F-A5B1-B181FFD0D9C1}.Release|Any CPU.Build.0 = Release|Any CPU
	EndGlobalSection
	GlobalSection(SolutionProperties) = preSolution
		HideSolutionNode = FALSE
	EndGlobalSection
	GlobalSection(ExtensibilityGlobals) = postSolution
		SolutionGuid = {5B97084C-D30D-42F2-91E3-CF6A0AE47FC4}
	EndGlobalSection
EndGlobal
